
Microsoft Visual Studio Solution File, Format Version 12.00
# Visual Studio Version 16
VisualStudioVersion = 16.0.31129.286
MinimumVisualStudioVersion = 10.0.40219.1
Project("{FAE04EC0-301F-11D3-BF4B-00C04F79EFBC}") = "Homework2", "Homework2\Homework2.csproj", "{7FC2E443-F74A-49A2-B778-CC5EE23B1753}"
EndProject
Global
	GlobalSection(SolutionConfigurationPlatforms) = preSolution
		Debug|Any CPU = Debug|Any CPU
		Release|Any CPU = Release|Any CPU
	EndGlobalSection
	GlobalSection(ProjectConfigurationPlatforms) = postSolution
		{7FC2E443-F74A-49A2-B778-CC5EE23B1753}.Debug|Any CPU.ActiveCfg = Debug|Any CPU
		{7FC2E443-F74A-49A2-B778-CC5EE23B1753}.Debug|Any CPU.Build.0 = Debug|Any CPU
		{7FC2E443-F74A-49A2-B778-CC5EE23B1753}.Release|Any CPU.ActiveCfg = Release|Any CPU
		{7FC2E443-F74A-49A2-B778-CC5EE23B1753}.Release|Any CPU.Build.0 = Release|Any CPU
	EndGlobalSection
	GlobalSection(SolutionProperties) = preSolution
		HideSolutionNode = FALSE
	EndGlobalSection
	GlobalSection(ExtensibilityGlobals) = postSolution
		SolutionGuid = {669F5CB5-C4D6-4B6E-9419-1D74FF4FB3C9}
	EndGlobalSection
EndGlobal
